
Microsoft Visual Studio Solution File, Format Version 12.00
# Visual Studio Version 17
VisualStudioVersion = 17.4.33213.308
MinimumVisualStudioVersion = 10.0.40219.1
Project("{9A19103F-16F7-4668-BE54-9A1E7A4F7556}") = "SalesWebMvc", "SalesWebMvc\SalesWebMvc.csproj", "{C5A03337-093F-4295-B85B-CB694682AA02}"
EndProject
Global
	GlobalSection(SolutionConfigurationPlatforms) = preSolution
		Debug|Any CPU = Debug|Any CPU
		Release|Any CPU = Release|Any CPU
	EndGlobalSection
	GlobalSection(ProjectConfigurationPlatforms) = postSolution
		{C5A03337-093F-4295-B85B-CB694682AA02}.Debug|Any CPU.ActiveCfg = Debug|Any CPU
		{C5A03337-093F-4295-B85B-CB694682AA02}.Debug|Any CPU.Build.0 = Debug|Any CPU
		{C5A03337-093F-4295-B85B-CB694682AA02}.Release|Any CPU.ActiveCfg = Release|Any CPU
		{C5A03337-093F-4295-B85B-CB694682AA02}.Release|Any CPU.Build.0 = Release|Any CPU
	EndGlobalSection
	GlobalSection(SolutionProperties) = preSolution
		HideSolutionNode = FALSE
	EndGlobalSection
	GlobalSection(ExtensibilityGlobals) = postSolution
		SolutionGuid = {D7112064-4517-49F7-A174-5924730D4972}
	EndGlobalSection
EndGlobal
